
Microsoft Visual Studio Solution File, Format Version 12.00
# Visual Studio Version 17
VisualStudioVersion = 17.4.33110.190
MinimumVisualStudioVersion = 10.0.40219.1
Project("{FAE04EC0-301F-11D3-BF4B-00C04F79EFBC}") = "TechnicalSupportService", "TechnicalSupportService\TechnicalSupportService.csproj", "{8C339B29-548E-4CBB-ADA3-E95A1D0751A3}"
EndProject
Global
	GlobalSection(SolutionConfigurationPlatforms) = preSolution
		Debug|Any CPU = Debug|Any CPU
		Release|Any CPU = Release|Any CPU
	EndGlobalSection
	GlobalSection(ProjectConfigurationPlatforms) = postSolution
		{8C339B29-548E-4CBB-ADA3-E95A1D0751A3}.Debug|Any CPU.ActiveCfg = Debug|Any CPU
		{8C339B29-548E-4CBB-ADA3-E95A1D0751A3}.Debug|Any CPU.Build.0 = Debug|Any CPU
		{8C339B29-548E-4CBB-ADA3-E95A1D0751A3}.Release|Any CPU.ActiveCfg = Release|Any CPU
		{8C339B29-548E-4CBB-ADA3-E95A1D0751A3}.Release|Any CPU.Build.0 = Release|Any CPU
	EndGlobalSection
	GlobalSection(SolutionProperties) = preSolution
		HideSolutionNode = FALSE
	EndGlobalSection
	GlobalSection(ExtensibilityGlobals) = postSolution
		SolutionGuid = {BA140A78-1A75-4980-A907-E1AC0D2BBBAD}
	EndGlobalSection
EndGlobal
